go.melnyk.org/mansi v0.1.0 h1:aIKkJsEqOs/o4Hk4FvXaci24JFLf7mwASteXmPNC+og=
go.melnyk.org/mansi v0.1.0/go.mod h1:+OUZ09njOYvMvEQFmVOvOgrzC9nybFmmhY/4E/eCs0s=
go.melnyk.org/spinner v0.0.0-20220713025043-bd702117845b h1:I0CWtdsemGlBpwK3AB/NlUAl5rpu92umfK1kkWQLWE8=
go.melnyk.org/spinner v0.0.0-20220713025043-bd702117845b/go.mod h1:yI5f9Ca4R3IfbHpkPcww07Gx+iMw+AjTW/mIAvAH1bI=
golang.org/x/net v0.17.0 h1:pVaXccu2ozPjCXewfr1S7xza/zcXTity9cCdXQYSjIM=
golang.org/x/net v0.17.0/go.mod h1:NxSsAGuq816PNPmqtQdLE42eU2Fs7NoRIZrHJAlaCOE=
golang.org/x/text v0.13.0 h1:ablQoSUd0tRdKxZewP80B+BaqeKJuVhuRxj/dkrun3k=
golang.org/x/text v0.13.0/go.mod h1:TvPlkZtksWOMsz7fbANvkp4WM8x/WCo/om8BMLbz+aE=
